
Microsoft Visual Studio Solution File, Format Version 12.00
# Visual Studio Version 17
VisualStudioVersion = 17.0.31903.59
MinimumVisualStudioVersion = 10.0.40219.1
Project("{2150E333-8FDC-42A3-9474-1A3956D46DE8}") = "src", "src", "{103D2965-6EAE-43E8-973F-41CEF0622713}"
EndProject
Project("{9A19103F-16F7-4668-BE54-9A1E7A4F7556}") = "WebAPI", "src\WebAPI\WebAPI.csproj", "{247B81A0-4C08-4ED9-84B3-39633CFE1E44}"
EndProject
Project("{9A19103F-16F7-4668-BE54-9A1E7A4F7556}") = "EMS.Data", "src\EMS.Data\EMS.Data.csproj", "{85EFFDFC-552E-433F-ADC6-4B019E51EF8D}"
EndProject
Project("{2150E333-8FDC-42A3-9474-1A3956D46DE8}") = "Solution Items", "Solution Items", "{EEAE25F6-E425-4F8B-89D6-237126393C59}"
	ProjectSection(SolutionItems) = preProject
		.dockerignore = .dockerignore
		.editorconfig = .editorconfig
		.gitattributes = .gitattributes
		.gitignore = .gitignore
		docker-compose.yml = docker-compose.yml
		README.md = README.md
	EndProjectSection
EndProject
Project("{2150E333-8FDC-42A3-9474-1A3956D46DE8}") = "Tests", "Tests", "{1E98DED1-ABE6-484F-9857-8D4B471886AD}"
EndProject
Project("{9A19103F-16F7-4668-BE54-9A1E7A4F7556}") = "EMS.Data.Test", "src\Tests\EMS.Data.Test\EMS.Data.Test.csproj", "{7B2BC98A-9CFB-49F0-8740-3C4BCED8C794}"
EndProject
Project("{9A19103F-16F7-4668-BE54-9A1E7A4F7556}") = "MessagingCore", "src\MessagingCore\MessagingCore.csproj", "{0CFFE160-C568-4F51-9A1B-7218E8E8565E}"
EndProject
Project("{9A19103F-16F7-4668-BE54-9A1E7A4F7556}") = "EMS.EmailService", "src\EMS.EmailService\EMS.EmailService.csproj", "{42C2E48C-DC6A-49A8-9E88-542DBC9D6C93}"
EndProject
Global
	GlobalSection(SolutionConfigurationPlatforms) = preSolution
		Debug|Any CPU = Debug|Any CPU
		Release|Any CPU = Release|Any CPU
	EndGlobalSection
	GlobalSection(ProjectConfigurationPlatforms) = postSolution
		{247B81A0-4C08-4ED9-84B3-39633CFE1E44}.Debug|Any CPU.ActiveCfg = Debug|Any CPU
		{247B81A0-4C08-4ED9-84B3-39633CFE1E44}.Debug|Any CPU.Build.0 = Debug|Any CPU
		{247B81A0-4C08-4ED9-84B3-39633CFE1E44}.Release|Any CPU.ActiveCfg = Release|Any CPU
		{247B81A0-4C08-4ED9-84B3-39633CFE1E44}.Release|Any CPU.Build.0 = Release|Any CPU
		{85EFFDFC-552E-433F-ADC6-4B019E51EF8D}.Debug|Any CPU.ActiveCfg = Debug|Any CPU
		{85EFFDFC-552E-433F-ADC6-4B019E51EF8D}.Debug|Any CPU.Build.0 = Debug|Any CPU
		{85EFFDFC-552E-433F-ADC6-4B019E51EF8D}.Release|Any CPU.ActiveCfg = Release|Any CPU
		{85EFFDFC-552E-433F-ADC6-4B019E51EF8D}.Release|Any CPU.Build.0 = Release|Any CPU
		{7B2BC98A-9CFB-49F0-8740-3C4BCED8C794}.Debug|Any CPU.ActiveCfg = Debug|Any CPU
		{7B2BC98A-9CFB-49F0-8740-3C4BCED8C794}.Debug|Any CPU.Build.0 = Debug|Any CPU
		{7B2BC98A-9CFB-49F0-8740-3C4BCED8C794}.Release|Any CPU.ActiveCfg = Release|Any CPU
		{7B2BC98A-9CFB-49F0-8740-3C4BCED8C794}.Release|Any CPU.Build.0 = Release|Any CPU
		{0CFFE160-C568-4F51-9A1B-7218E8E8565E}.Debug|Any CPU.ActiveCfg = Debug|Any CPU
		{0CFFE160-C568-4F51-9A1B-7218E8E8565E}.Debug|Any CPU.Build.0 = Debug|Any CPU
		{0CFFE160-C568-4F51-9A1B-7218E8E8565E}.Release|Any CPU.ActiveCfg = Release|Any CPU
		{0CFFE160-C568-4F51-9A1B-7218E8E8565E}.Release|Any CPU.Build.0 = Release|Any CPU
		{42C2E48C-DC6A-49A8-9E88-542DBC9D6C93}.Debug|Any CPU.ActiveCfg = Debug|Any CPU
		{42C2E48C-DC6A-49A8-9E88-542DBC9D6C93}.Debug|Any CPU.Build.0 = Debug|Any CPU
		{42C2E48C-DC6A-49A8-9E88-542DBC9D6C93}.Release|Any CPU.ActiveCfg = Release|Any CPU
		{42C2E48C-DC6A-49A8-9E88-542DBC9D6C93}.Release|Any CPU.Build.0 = Release|Any CPU
	EndGlobalSection
	GlobalSection(SolutionProperties) = preSolution
		HideSolutionNode = FALSE
	EndGlobalSection
	GlobalSection(NestedProjects) = preSolution
		{247B81A0-4C08-4ED9-84B3-39633CFE1E44} = {103D2965-6EAE-43E8-973F-41CEF0622713}
		{85EFFDFC-552E-433F-ADC6-4B019E51EF8D} = {103D2965-6EAE-43E8-973F-41CEF0622713}
		{1E98DED1-ABE6-484F-9857-8D4B471886AD} = {103D2965-6EAE-43E8-973F-41CEF0622713}
		{7B2BC98A-9CFB-49F0-8740-3C4BCED8C794} = {1E98DED1-ABE6-484F-9857-8D4B471886AD}
		{0CFFE160-C568-4F51-9A1B-7218E8E8565E} = {103D2965-6EAE-43E8-973F-41CEF0622713}
		{42C2E48C-DC6A-49A8-9E88-542DBC9D6C93} = {103D2965-6EAE-43E8-973F-41CEF0622713}
	EndGlobalSection
	GlobalSection(ExtensibilityGlobals) = postSolution
		SolutionGuid = {B7DB8459-530C-4692-BF51-B841A28BA3C4}
	EndGlobalSection
EndGlobal
